
Microsoft Visual Studio Solution File, Format Version 12.00
# Visual Studio Version 17
VisualStudioVersion = 17.3.32825.248
MinimumVisualStudioVersion = 10.0.40219.1
Project("{FAE04EC0-301F-11D3-BF4B-00C04F79EFBC}") = "sendEmail", "sendEmail\sendEmail.csproj", "{1EBF46CA-AA9E-4090-91BF-FA6389F505B7}"
EndProject
Global
	GlobalSection(SolutionConfigurationPlatforms) = preSolution
		Debug|Any CPU = Debug|Any CPU
		Release|Any CPU = Release|Any CPU
	EndGlobalSection
	GlobalSection(ProjectConfigurationPlatforms) = postSolution
		{1EBF46CA-AA9E-4090-91BF-FA6389F505B7}.Debug|Any CPU.ActiveCfg = Debug|Any CPU
		{1EBF46CA-AA9E-4090-91BF-FA6389F505B7}.Debug|Any CPU.Build.0 = Debug|Any CPU
		{1EBF46CA-AA9E-4090-91BF-FA6389F505B7}.Release|Any CPU.ActiveCfg = Release|Any CPU
		{1EBF46CA-AA9E-4090-91BF-FA6389F505B7}.Release|Any CPU.Build.0 = Release|Any CPU
	EndGlobalSection
	GlobalSection(SolutionProperties) = preSolution
		HideSolutionNode = FALSE
	EndGlobalSection
	GlobalSection(ExtensibilityGlobals) = postSolution
		SolutionGuid = {CF53BEB0-B834-4BD6-9482-D725C9B9B1D1}
	EndGlobalSection
EndGlobal
